
Microsoft Visual Studio Solution File, Format Version 12.00
# Visual Studio Version 17
VisualStudioVersion = 17.4.33103.184
MinimumVisualStudioVersion = 10.0.40219.1
Project("{FAE04EC0-301F-11D3-BF4B-00C04F79EFBC}") = "WPFPickCardUI", "WPFPickCardUI\WPFPickCardUI.csproj", "{46D995D9-168F-442D-8D83-814E9D4FE4FC}"
EndProject
Global
	GlobalSection(SolutionConfigurationPlatforms) = preSolution
		Debug|Any CPU = Debug|Any CPU
		Release|Any CPU = Release|Any CPU
	EndGlobalSection
	GlobalSection(ProjectConfigurationPlatforms) = postSolution
		{46D995D9-168F-442D-8D83-814E9D4FE4FC}.Debug|Any CPU.ActiveCfg = Debug|Any CPU
		{46D995D9-168F-442D-8D83-814E9D4FE4FC}.Debug|Any CPU.Build.0 = Debug|Any CPU
		{46D995D9-168F-442D-8D83-814E9D4FE4FC}.Release|Any CPU.ActiveCfg = Release|Any CPU
		{46D995D9-168F-442D-8D83-814E9D4FE4FC}.Release|Any CPU.Build.0 = Release|Any CPU
	EndGlobalSection
	GlobalSection(SolutionProperties) = preSolution
		HideSolutionNode = FALSE
	EndGlobalSection
	GlobalSection(ExtensibilityGlobals) = postSolution
		SolutionGuid = {DD303088-117E-4A4C-B1DB-FC9D685429EA}
	EndGlobalSection
EndGlobal
